
Microsoft Visual Studio Solution File, Format Version 12.00
# Visual Studio Version 17
VisualStudioVersion = 17.2.32616.157
MinimumVisualStudioVersion = 10.0.40219.1
Project("{8BC9CEB8-8B4A-11D0-8D11-00A0C91BC942}") = "OrderProcessor", "OrderProcessor\OrderProcessor.vcxproj", "{ABD96343-D1C3-4726-BFDF-5F874255ECC8}"
EndProject
Project("{8BC9CEB8-8B4A-11D0-8D11-00A0C91BC942}") = "OrderProcessorWithoutFills", "OrderProcessorWithoutFills\OrderProcessorWithoutFills.vcxproj", "{C3AA4106-6045-4C73-B65F-B415F4772808}"
EndProject
Project("{8BC9CEB8-8B4A-11D0-8D11-00A0C91BC942}") = "OrderProcessorOrderThenFills", "OrderProcessorOrderThenFills\OrderProcessorOrderThenFills.vcxproj", "{2BFD6145-1CF9-40DC-9C46-431316899FD8}"
EndProject
Project("{8BC9CEB8-8B4A-11D0-8D11-00A0C91BC942}") = "OrderProcessingUnit", "OrderProcessingUnit\OrderProcessingUnit.vcxproj", "{9B6BFA7D-9196-43EA-A440-8FA2E2A3ACFD}"
EndProject
Project("{8BC9CEB8-8B4A-11D0-8D11-00A0C91BC942}") = "OrderProcessingUnitCommon", "OrderProcessingUnitCommon\OrderProcessingUnitCommon.vcxproj", "{6BA8F609-0654-4DBB-B9FE-84D148770F1B}"
EndProject
Global
	GlobalSection(SolutionConfigurationPlatforms) = preSolution
		Debug|x64 = Debug|x64
		Debug|x86 = Debug|x86
		Release|x64 = Release|x64
		Release|x86 = Release|x86
	EndGlobalSection
	GlobalSection(ProjectConfigurationPlatforms) = postSolution
		{ABD96343-D1C3-4726-BFDF-5F874255ECC8}.Debug|x64.ActiveCfg = Debug|x64
		{ABD96343-D1C3-4726-BFDF-5F874255ECC8}.Debug|x64.Build.0 = Debug|x64
		{ABD96343-D1C3-4726-BFDF-5F874255ECC8}.Debug|x86.ActiveCfg = Debug|Win32
		{ABD96343-D1C3-4726-BFDF-5F874255ECC8}.Debug|x86.Build.0 = Debug|Win32
		{ABD96343-D1C3-4726-BFDF-5F874255ECC8}.Release|x64.ActiveCfg = Release|x64
		{ABD96343-D1C3-4726-BFDF-5F874255ECC8}.Release|x64.Build.0 = Release|x64
		{ABD96343-D1C3-4726-BFDF-5F874255ECC8}.Release|x86.ActiveCfg = Release|Win32
		{ABD96343-D1C3-4726-BFDF-5F874255ECC8}.Release|x86.Build.0 = Release|Win32
		{C3AA4106-6045-4C73-B65F-B415F4772808}.Debug|x64.ActiveCfg = Debug|x64
		{C3AA4106-6045-4C73-B65F-B415F4772808}.Debug|x64.Build.0 = Debug|x64
		{C3AA4106-6045-4C73-B65F-B415F4772808}.Debug|x86.ActiveCfg = Debug|Win32
		{C3AA4106-6045-4C73-B65F-B415F4772808}.Debug|x86.Build.0 = Debug|Win32
		{C3AA4106-6045-4C73-B65F-B415F4772808}.Release|x64.ActiveCfg = Release|x64
		{C3AA4106-6045-4C73-B65F-B415F4772808}.Release|x64.Build.0 = Release|x64
		{C3AA4106-6045-4C73-B65F-B415F4772808}.Release|x86.ActiveCfg = Release|Win32
		{C3AA4106-6045-4C73-B65F-B415F4772808}.Release|x86.Build.0 = Release|Win32
		{2BFD6145-1CF9-40DC-9C46-431316899FD8}.Debug|x64.ActiveCfg = Debug|x64
		{2BFD6145-1CF9-40DC-9C46-431316899FD8}.Debug|x64.Build.0 = Debug|x64
		{2BFD6145-1CF9-40DC-9C46-431316899FD8}.Debug|x86.ActiveCfg = Debug|Win32
		{2BFD6145-1CF9-40DC-9C46-431316899FD8}.Debug|x86.Build.0 = Debug|Win32
		{2BFD6145-1CF9-40DC-9C46-431316899FD8}.Release|x64.ActiveCfg = Release|x64
		{2BFD6145-1CF9-40DC-9C46-431316899FD8}.Release|x64.Build.0 = Release|x64
		{2BFD6145-1CF9-40DC-9C46-431316899FD8}.Release|x86.ActiveCfg = Release|Win32
		{2BFD6145-1CF9-40DC-9C46-431316899FD8}.Release|x86.Build.0 = Release|Win32
		{9B6BFA7D-9196-43EA-A440-8FA2E2A3ACFD}.Debug|x64.ActiveCfg = Debug|x64
		{9B6BFA7D-9196-43EA-A440-8FA2E2A3ACFD}.Debug|x64.Build.0 = Debug|x64
		{9B6BFA7D-9196-43EA-A440-8FA2E2A3ACFD}.Debug|x86.ActiveCfg = Debug|Win32
		{9B6BFA7D-9196-43EA-A440-8FA2E2A3ACFD}.Debug|x86.Build.0 = Debug|Win32
		{9B6BFA7D-9196-43EA-A440-8FA2E2A3ACFD}.Release|x64.ActiveCfg = Release|x64
		{9B6BFA7D-9196-43EA-A440-8FA2E2A3ACFD}.Release|x64.Build.0 = Release|x64
		{9B6BFA7D-9196-43EA-A440-8FA2E2A3ACFD}.Release|x86.ActiveCfg = Release|Win32
		{9B6BFA7D-9196-43EA-A440-8FA2E2A3ACFD}.Release|x86.Build.0 = Release|Win32
		{6BA8F609-0654-4DBB-B9FE-84D148770F1B}.Debug|x64.ActiveCfg = Debug|x64
		{6BA8F609-0654-4DBB-B9FE-84D148770F1B}.Debug|x64.Build.0 = Debug|x64
		{6BA8F609-0654-4DBB-B9FE-84D148770F1B}.Debug|x86.ActiveCfg = Debug|Win32
		{6BA8F609-0654-4DBB-B9FE-84D148770F1B}.Debug|x86.Build.0 = Debug|Win32
		{6BA8F609-0654-4DBB-B9FE-84D148770F1B}.Release|x64.ActiveCfg = Release|x64
		{6BA8F609-0654-4DBB-B9FE-84D148770F1B}.Release|x64.Build.0 = Release|x64
		{6BA8F609-0654-4DBB-B9FE-84D148770F1B}.Release|x86.ActiveCfg = Release|Win32
		{6BA8F609-0654-4DBB-B9FE-84D148770F1B}.Release|x86.Build.0 = Release|Win32
	EndGlobalSection
	GlobalSection(SolutionProperties) = preSolution
		HideSolutionNode = FALSE
	EndGlobalSection
	GlobalSection(ExtensibilityGlobals) = postSolution
		SolutionGuid = {87A49A6E-B0EC-4F7A-8675-FF141AB238B2}
	EndGlobalSection
EndGlobal
